// !$*UTF8*$!
{
	archiveVersion = 1;
	classes = {
	};
	objectVersion = 56;
	objects = {

/* Begin PBXBuildFile section */
		1000000000000001 /* LocalMouseApp.swift in Sources */ = {isa = PBXBuildFile; fileRef = 2000000000000001 /* LocalMouseApp.swift */; };
		1000000000000002 /* ContentView.swift in Sources */ = {isa = PBXBuildFile; fileRef = 2000000000000002 /* ContentView.swift */; };
		1000000000000003 /* AddMappingView.swift in Sources */ = {isa = PBXBuildFile; fileRef = 2000000000000003 /* AddMappingView.swift */; };
		1000000000000004 /* SettingsView.swift in Sources */ = {isa = PBXBuildFile; fileRef = 2000000000000004 /* SettingsView.swift */; };
		1000000000000010 /* ButtonMapping.swift in Sources */ = {isa = PBXBuildFile; fileRef = 2000000000000010 /* ButtonMapping.swift */; };
		1000000000000011 /* ConfigManager.swift in Sources */ = {isa = PBXBuildFile; fileRef = 2000000000000011 /* ConfigManager.swift */; };
		1000000000000012 /* CGSPrivate.swift in Sources */ = {isa = PBXBuildFile; fileRef = 2000000000000012 /* CGSPrivate.swift */; };
		1000000000000020 /* ButtonInterceptor.swift in Sources */ = {isa = PBXBuildFile; fileRef = 2000000000000020 /* ButtonInterceptor.swift */; };
		1000000000000021 /* ActionExecutor.swift in Sources */ = {isa = PBXBuildFile; fileRef = 2000000000000021 /* ActionExecutor.swift */; };
		EB7A718F2F13786800C56C8E /* Assets.xcassets in Resources */ = {isa = PBXBuildFile; fileRef = EB7A718D2F1375D600C56C8E /* Assets.xcassets */; };
		EB7A71932F13790600C56C8E /* AppIcon.icns in Resources */ = {isa = PBXBuildFile; fileRef = EB7A71902F13789600C56C8E /* AppIcon.icns */; };
/* End PBXBuildFile section */

/* Begin PBXFileReference section */
		2000000000000001 /* LocalMouseApp.swift */ = {isa = PBXFileReference; lastKnownFileType = sourcecode.swift; path = LocalMouseApp.swift; sourceTree = "<group>"; };
		2000000000000002 /* ContentView.swift */ = {isa = PBXFileReference; lastKnownFileType = sourcecode.swift; path = ContentView.swift; sourceTree = "<group>"; };
		2000000000000003 /* AddMappingView.swift */ = {isa = PBXFileReference; lastKnownFileType = sourcecode.swift; path = AddMappingView.swift; sourceTree = "<group>"; };
		2000000000000004 /* SettingsView.swift */ = {isa = PBXFileReference; lastKnownFileType = sourcecode.swift; path = SettingsView.swift; sourceTree = "<group>"; };
		2000000000000005 /* Info.plist */ = {isa = PBXFileReference; lastKnownFileType = text.plist.xml; path = Info.plist; sourceTree = "<group>"; };
		2000000000000010 /* ButtonMapping.swift */ = {isa = PBXFileReference; lastKnownFileType = sourcecode.swift; path = ButtonMapping.swift; sourceTree = "<group>"; };
		2000000000000011 /* ConfigManager.swift */ = {isa = PBXFileReference; lastKnownFileType = sourcecode.swift; path = ConfigManager.swift; sourceTree = "<group>"; };
		2000000000000012 /* CGSPrivate.swift */ = {isa = PBXFileReference; lastKnownFileType = sourcecode.swift; path = CGSPrivate.swift; sourceTree = "<group>"; };
		2000000000000020 /* ButtonInterceptor.swift */ = {isa = PBXFileReference; lastKnownFileType = sourcecode.swift; path = ButtonInterceptor.swift; sourceTree = "<group>"; };
		2000000000000021 /* ActionExecutor.swift */ = {isa = PBXFileReference; lastKnownFileType = sourcecode.swift; path = ActionExecutor.swift; sourceTree = "<group>"; };
		2000000000000022 /* main.swift */ = {isa = PBXFileReference; lastKnownFileType = sourcecode.swift; path = main.swift; sourceTree = "<group>"; };
		2000000000000023 /* com.localmouse.helper.plist */ = {isa = PBXFileReference; lastKnownFileType = text.plist.xml; path = com.localmouse.helper.plist; sourceTree = "<group>"; };
		3000000000000001 /* LocalMouse.app */ = {isa = PBXFileReference; explicitFileType = wrapper.application; includeInIndex = 0; path = LocalMouse.app; sourceTree = BUILT_PRODUCTS_DIR; };
		EB7A718D2F1375D600C56C8E /* Assets.xcassets */ = {isa = PBXFileReference; lastKnownFileType = folder.assetcatalog; path = Assets.xcassets; sourceTree = "<group>"; };
		EB7A71902F13789600C56C8E /* AppIcon.icns */ = {isa = PBXFileReference; lastKnownFileType = image.icns; path = AppIcon.icns; sourceTree = "<group>"; };
/* End PBXFileReference section */

/* Begin PBXFrameworksBuildPhase section */
		4000000000000001 /* Frameworks */ = {
			isa = PBXFrameworksBuildPhase;
			buildActionMask = 2147483647;
			files = (
			);
			runOnlyForDeploymentPostprocessing = 0;
		};
/* End PBXFrameworksBuildPhase section */

/* Begin PBXGroup section */
		5000000000000000 = {
			isa = PBXGroup;
			children = (
				5000000000000001 /* App */,
				5000000000000002 /* Helper */,
				5000000000000003 /* Shared */,
				5000000000000004 /* Products */,
			);
			sourceTree = "<group>";
		};
		5000000000000001 /* App */ = {
			isa = PBXGroup;
			children = (
				EB7A71912F13789600C56C8E /* Resources */,
				EB7A718D2F1375D600C56C8E /* Assets.xcassets */,
				2000000000000001 /* LocalMouseApp.swift */,
				5000000000000005 /* Views */,
				2000000000000005 /* Info.plist */,
			);
			path = App;
			sourceTree = "<group>";
		};
		5000000000000002 /* Helper */ = {
			isa = PBXGroup;
			children = (
				2000000000000022 /* main.swift */,
				2000000000000020 /* ButtonInterceptor.swift */,
				2000000000000021 /* ActionExecutor.swift */,
				2000000000000023 /* com.localmouse.helper.plist */,
			);
			path = Helper;
			sourceTree = "<group>";
		};
		5000000000000003 /* Shared */ = {
			isa = PBXGroup;
			children = (
				5000000000000006 /* Models */,
				5000000000000007 /* Config */,
				2000000000000012 /* CGSPrivate.swift */,
			);
			path = Shared;
			sourceTree = "<group>";
		};
		5000000000000004 /* Products */ = {
			isa = PBXGroup;
			children = (
				3000000000000001 /* LocalMouse.app */,
			);
			name = Products;
			sourceTree = "<group>";
		};
		5000000000000005 /* Views */ = {
			isa = PBXGroup;
			children = (
				2000000000000002 /* ContentView.swift */,
				2000000000000003 /* AddMappingView.swift */,
				2000000000000004 /* SettingsView.swift */,
			);
			path = Views;
			sourceTree = "<group>";
		};
		5000000000000006 /* Models */ = {
			isa = PBXGroup;
			children = (
				2000000000000010 /* ButtonMapping.swift */,
			);
			path = Models;
			sourceTree = "<group>";
		};
		5000000000000007 /* Config */ = {
			isa = PBXGroup;
			children = (
				2000000000000011 /* ConfigManager.swift */,
			);
			path = Config;
			sourceTree = "<group>";
		};
		EB7A71912F13789600C56C8E /* Resources */ = {
			isa = PBXGroup;
			children = (
				EB7A71902F13789600C56C8E /* AppIcon.icns */,
			);
			path = Resources;
			sourceTree = "<group>";
		};
/* End PBXGroup section */

/* Begin PBXNativeTarget section */
		6000000000000001 /* LocalMouse */ = {
			isa = PBXNativeTarget;
			buildConfigurationList = 7000000000000001 /* Build configuration list for PBXNativeTarget "LocalMouse" */;
			buildPhases = (
				8000000000000001 /* Sources */,
				4000000000000001 /* Frameworks */,
				EB7A718E2F13785400C56C8E /* Resources */,
			);
			buildRules = (
			);
			dependencies = (
			);
			name = LocalMouse;
			productName = LocalMouse;
			productReference = 3000000000000001 /* LocalMouse.app */;
			productType = "com.apple.product-type.application";
		};
/* End PBXNativeTarget section */

/* Begin PBXProject section */
		9000000000000001 /* Project object */ = {
			isa = PBXProject;
			attributes = {
				BuildIndependentTargetsInParallel = 1;
				LastSwiftUpdateCheck = 1500;
				LastUpgradeCheck = 1500;
				TargetAttributes = {
					6000000000000001 = {
						CreatedOnToolsVersion = 15.0;
					};
				};
			};
			buildConfigurationList = A000000000000001 /* Build configuration list for PBXProject "LocalMouse" */;
			compatibilityVersion = "Xcode 14.0";
			developmentRegion = en;
			hasScannedForEncodings = 0;
			knownRegions = (
				en,
				Base,
			);
			mainGroup = 5000000000000000;
			productRefGroup = 5000000000000004 /* Products */;
			projectDirPath = "";
			projectRoot = "";
			targets = (
				6000000000000001 /* LocalMouse */,
			);
		};
/* End PBXProject section */

/* Begin PBXResourcesBuildPhase section */
		EB7A718E2F13785400C56C8E /* Resources */ = {
			isa = PBXResourcesBuildPhase;
			buildActionMask = 2147483647;
			files = (
				EB7A71932F13790600C56C8E /* AppIcon.icns in Resources */,
				EB7A718F2F13786800C56C8E /* Assets.xcassets in Resources */,
			);
			runOnlyForDeploymentPostprocessing = 0;
		};
/* End PBXResourcesBuildPhase section */

/* Begin PBXSourcesBuildPhase section */
		8000000000000001 /* Sources */ = {
			isa = PBXSourcesBuildPhase;
			buildActionMask = 2147483647;
			files = (
				1000000000000001 /* LocalMouseApp.swift in Sources */,
				1000000000000002 /* ContentView.swift in Sources */,
				1000000000000003 /* AddMappingView.swift in Sources */,
				1000000000000004 /* SettingsView.swift in Sources */,
				1000000000000010 /* ButtonMapping.swift in Sources */,
				1000000000000011 /* ConfigManager.swift in Sources */,
				1000000000000012 /* CGSPrivate.swift in Sources */,
				1000000000000020 /* ButtonInterceptor.swift in Sources */,
				1000000000000021 /* ActionExecutor.swift in Sources */,
			);
			runOnlyForDeploymentPostprocessing = 0;
		};
/* End PBXSourcesBuildPhase section */

/* Begin XCBuildConfiguration section */
		B000000000000001 /* Debug */ = {
			isa = XCBuildConfiguration;
			buildSettings = {
				ALWAYS_SEARCH_USER_PATHS = NO;
				ASSETCATALOG_COMPILER_GENERATE_SWIFT_ASSET_SYMBOL_EXTENSIONS = YES;
				CLANG_ANALYZER_NONNULL = YES;
				CLANG_ANALYZER_NUMBER_OBJECT_CONVERSION = YES_AGGRESSIVE;
				CLANG_CXX_LANGUAGE_STANDARD = "gnu++20";
				CLANG_ENABLE_MODULES = YES;
				CLANG_ENABLE_OBJC_ARC = YES;
				CLANG_ENABLE_OBJC_WEAK = YES;
				CLANG_WARN_BLOCK_CAPTURE_AUTORELEASING = YES;
				CLANG_WARN_BOOL_CONVERSION = YES;
				CLANG_WARN_COMMA = YES;
				CLANG_WARN_CONSTANT_CONVERSION = YES;
				CLANG_WARN_DEPRECATED_OBJC_IMPLEMENTATIONS = YES;
				CLANG_WARN_DIRECT_OBJC_ISA_USAGE = YES_ERROR;
				CLANG_WARN_DOCUMENTATION_COMMENTS = YES;
				CLANG_WARN_EMPTY_BODY = YES;
				CLANG_WARN_ENUM_CONVERSION = YES;
				CLANG_WARN_INFINITE_RECURSION = YES;
				CLANG_WARN_INT_CONVERSION = YES;
				CLANG_WARN_NON_LITERAL_NULL_CONVERSION = YES;
				CLANG_WARN_OBJC_IMPLICIT_RETAIN_SELF = YES;
				CLANG_WARN_OBJC_LITERAL_CONVERSION = YES;
				CLANG_WARN_OBJC_ROOT_CLASS = YES_ERROR;
				CLANG_WARN_QUOTED_INCLUDE_IN_FRAMEWORK_HEADER = YES;
				CLANG_WARN_RANGE_LOOP_ANALYSIS = YES;
				CLANG_WARN_STRICT_PROTOTYPES = YES;
				CLANG_WARN_SUSPICIOUS_MOVE = YES;
				CLANG_WARN_UNGUARDED_AVAILABILITY = YES_AGGRESSIVE;
				CLANG_WARN_UNREACHABLE_CODE = YES;
				CLANG_WARN__DUPLICATE_METHOD_MATCH = YES;
				COPY_PHASE_STRIP = NO;
				DEBUG_INFORMATION_FORMAT = dwarf;
				ENABLE_STRICT_OBJC_MSGSEND = YES;
				ENABLE_TESTABILITY = YES;
				ENABLE_USER_SCRIPT_SANDBOXING = YES;
				GCC_C_LANGUAGE_STANDARD = gnu17;
				GCC_DYNAMIC_NO_PIC = NO;
				GCC_NO_COMMON_BLOCKS = YES;
				GCC_OPTIMIZATION_LEVEL = 0;
				GCC_PREPROCESSOR_DEFINITIONS = (
					"DEBUG=1",
					"$(inherited)",
				);
				GCC_WARN_64_TO_32_BIT_CONVERSION = YES;
				GCC_WARN_ABOUT_RETURN_TYPE = YES_ERROR;
				GCC_WARN_UNDECLARED_SELECTOR = YES;
				GCC_WARN_UNINITIALIZED_AUTOS = YES_AGGRESSIVE;
				GCC_WARN_UNUSED_FUNCTION = YES;
				GCC_WARN_UNUSED_VARIABLE = YES;
				LOCALIZATION_PREFERS_STRING_CATALOGS = YES;
				MACOSX_DEPLOYMENT_TARGET = 13.0;
				MTL_ENABLE_DEBUG_INFO = INCLUDE_SOURCE;
				MTL_FAST_MATH = YES;
				ONLY_ACTIVE_ARCH = YES;
				SDKROOT = macosx;
				SWIFT_ACTIVE_COMPILATION_CONDITIONS = "DEBUG $(inherited)";
				SWIFT_OPTIMIZATION_LEVEL = "-Onone";
			};
			name = Debug;
		};
		B000000000000002 /* Release */ = {
			isa = XCBuildConfiguration;
			buildSettings = {
				ALWAYS_SEARCH_USER_PATHS = NO;
				ASSETCATALOG_COMPILER_GENERATE_SWIFT_ASSET_SYMBOL_EXTENSIONS = YES;
				CLANG_ANALYZER_NONNULL = YES;
				CLANG_ANALYZER_NUMBER_OBJECT_CONVERSION = YES_AGGRESSIVE;
				CLANG_CXX_LANGUAGE_STANDARD = "gnu++20";
				CLANG_ENABLE_MODULES = YES;
				CLANG_ENABLE_OBJC_ARC = YES;
				CLANG_ENABLE_OBJC_WEAK = YES;
				CLANG_WARN_BLOCK_CAPTURE_AUTORELEASING = YES;
				CLANG_WARN_BOOL_CONVERSION = YES;
				CLANG_WARN_COMMA = YES;
				CLANG_WARN_CONSTANT_CONVERSION = YES;
				CLANG_WARN_DEPRECATED_OBJC_IMPLEMENTATIONS = YES;
				CLANG_WARN_DIRECT_OBJC_ISA_USAGE = YES_ERROR;
				CLANG_WARN_DOCUMENTATION_COMMENTS = YES;
				CLANG_WARN_EMPTY_BODY = YES;
				CLANG_WARN_ENUM_CONVERSION = YES;
				CLANG_WARN_INFINITE_RECURSION = YES;
				CLANG_WARN_INT_CONVERSION = YES;
				CLANG_WARN_NON_LITERAL_NULL_CONVERSION = YES;
				CLANG_WARN_OBJC_IMPLICIT_RETAIN_SELF = YES;
				CLANG_WARN_OBJC_LITERAL_CONVERSION = YES;
				CLANG_WARN_OBJC_ROOT_CLASS = YES_ERROR;
				CLANG_WARN_QUOTED_INCLUDE_IN_FRAMEWORK_HEADER = YES;
				CLANG_WARN_RANGE_LOOP_ANALYSIS = YES;
				CLANG_WARN_STRICT_PROTOTYPES = YES;
				CLANG_WARN_SUSPICIOUS_MOVE = YES;
				CLANG_WARN_UNGUARDED_AVAILABILITY = YES_AGGRESSIVE;
				CLANG_WARN_UNREACHABLE_CODE = YES;
				CLANG_WARN__DUPLICATE_METHOD_MATCH = YES;
				COPY_PHASE_STRIP = NO;
				DEBUG_INFORMATION_FORMAT = "dwarf-with-dsym";
				ENABLE_NS_ASSERTIONS = NO;
				ENABLE_STRICT_OBJC_MSGSEND = YES;
				ENABLE_USER_SCRIPT_SANDBOXING = YES;
				GCC_C_LANGUAGE_STANDARD = gnu17;
				GCC_NO_COMMON_BLOCKS = YES;
				GCC_WARN_64_TO_32_BIT_CONVERSION = YES;
				GCC_WARN_ABOUT_RETURN_TYPE = YES_ERROR;
				GCC_WARN_UNDECLARED_SELECTOR = YES;
				GCC_WARN_UNINITIALIZED_AUTOS = YES_AGGRESSIVE;
				GCC_WARN_UNUSED_FUNCTION = YES;
				GCC_WARN_UNUSED_VARIABLE = YES;
				LOCALIZATION_PREFERS_STRING_CATALOGS = YES;
				MACOSX_DEPLOYMENT_TARGET = 13.0;
				MTL_ENABLE_DEBUG_INFO = NO;
				MTL_FAST_MATH = YES;
				SDKROOT = macosx;
				SWIFT_COMPILATION_MODE = wholemodule;
			};
			name = Release;
		};
		C000000000000001 /* Debug */ = {
			isa = XCBuildConfiguration;
			buildSettings = {
				ARCHS = "$(ARCHS_STANDARD)";
				ASSETCATALOG_COMPILER_APPICON_NAME = AppIcon;
				ASSETCATALOG_COMPILER_GLOBAL_ACCENT_COLOR_NAME = AccentColor;
				ASSETCATALOG_COMPILER_INCLUDE_ALL_APPICON_ASSETS = NO;
				CODE_SIGN_ENTITLEMENTS = "";
				CODE_SIGN_STYLE = Manual;
				COMBINE_HIDPI_IMAGES = YES;
				CURRENT_PROJECT_VERSION = 3;
				DEVELOPMENT_TEAM = "";
				ENABLE_HARDENED_RUNTIME = YES;
				GENERATE_INFOPLIST_FILE = YES;
				INFOPLIST_FILE = App/Info.plist;
				INFOPLIST_KEY_CFBundleDisplayName = LocalMouse;
				INFOPLIST_KEY_LSApplicationCategoryType = "public.app-category.utilities";
				INFOPLIST_KEY_NSHumanReadableCopyright = "Because your mouse shouldn't need permission from the cloud.";
				LD_RUNPATH_SEARCH_PATHS = (
					"$(inherited)",
					"@executable_path/../Frameworks",
				);
				MACOSX_DEPLOYMENT_TARGET = 13.0;
				MARKETING_VERSION = 1.1.0;
				PRODUCT_BUNDLE_IDENTIFIER = com.localmouse.app;
				PRODUCT_NAME = "$(TARGET_NAME)";
				PROVISIONING_PROFILE_SPECIFIER = "";
				SWIFT_EMIT_LOC_STRINGS = YES;
				SWIFT_VERSION = 5.0;
			};
			name = Debug;
		};
		C000000000000002 /* Release */ = {
			isa = XCBuildConfiguration;
			buildSettings = {
				ARCHS = "$(ARCHS_STANDARD)";
				ASSETCATALOG_COMPILER_APPICON_NAME = AppIcon;
				ASSETCATALOG_COMPILER_GLOBAL_ACCENT_COLOR_NAME = AccentColor;
				ASSETCATALOG_COMPILER_INCLUDE_ALL_APPICON_ASSETS = NO;
				CODE_SIGN_ENTITLEMENTS = "";
				CODE_SIGN_STYLE = Manual;
				COMBINE_HIDPI_IMAGES = YES;
				CURRENT_PROJECT_VERSION = 3;
				DEVELOPMENT_TEAM = "";
				ENABLE_HARDENED_RUNTIME = YES;
				GENERATE_INFOPLIST_FILE = YES;
				INFOPLIST_FILE = App/Info.plist;
				INFOPLIST_KEY_CFBundleDisplayName = LocalMouse;
				INFOPLIST_KEY_LSApplicationCategoryType = "public.app-category.utilities";
				INFOPLIST_KEY_NSHumanReadableCopyright = "Because your mouse shouldn't need permission from the cloud.";
				LD_RUNPATH_SEARCH_PATHS = (
					"$(inherited)",
					"@executable_path/../Frameworks",
				);
				MACOSX_DEPLOYMENT_TARGET = 13.0;
				MARKETING_VERSION = 1.1.0;
				PRODUCT_BUNDLE_IDENTIFIER = com.localmouse.app;
				PRODUCT_NAME = "$(TARGET_NAME)";
				PROVISIONING_PROFILE_SPECIFIER = "";
				SWIFT_EMIT_LOC_STRINGS = YES;
				SWIFT_VERSION = 5.0;
			};
			name = Release;
		};
/* End XCBuildConfiguration section */

/* Begin XCConfigurationList section */
		7000000000000001 /* Build configuration list for PBXNativeTarget "LocalMouse" */ = {
			isa = XCConfigurationList;
			buildConfigurations = (
				C000000000000001 /* Debug */,
				C000000000000002 /* Release */,
			);
			defaultConfigurationIsVisible = 0;
			defaultConfigurationName = Release;
		};
		A000000000000001 /* Build configuration list for PBXProject "LocalMouse" */ = {
			isa = XCConfigurationList;
			buildConfigurations = (
				B000000000000001 /* Debug */,
				B000000000000002 /* Release */,
			);
			defaultConfigurationIsVisible = 0;
			defaultConfigurationName = Release;
		};
/* End XCConfigurationList section */
	};
	rootObject = 9000000000000001 /* Project object */;
}
